{
  "version": 4,
  "terraform_version": "1.13.5",
  "serial": 31,
  "lineage": "8ccaf4e3-c84d-fd00-01bb-2d681d4c87de",
  "outputs": {},
  "resources": [
    {
      "module": "module.LB_mode",
      "mode": "managed",
      "type": "azurerm_lb",
      "name": "lb_lz",
      "provider": "provider[\"registry.terraform.io/hashicorp/azurerm\"]",
      "instances": [
        {
          "schema_version": 0,
          "attributes": {
            "edge_zone": "",
            "frontend_ip_configuration": [
              {
                "gateway_load_balancer_frontend_ip_configuration_id": "",
                "id": "/subscriptions/2611f6d1-5b7e-4c96-a399-7a221dcd1e52/resourceGroups/rg-alz-core-prod/providers/Microsoft.Network/loadBalancers/TestLoadBalancer/frontendIPConfigurations/PublicIPAddress",
                "inbound_nat_rules": [],
                "load_balancer_rules": [
                  "/subscriptions/2611f6d1-5b7e-4c96-a399-7a221dcd1e52/resourceGroups/rg-alz-core-prod/providers/Microsoft.Network/loadBalancers/TestLoadBalancer/loadBalancingRules/http-rule"
                ],
                "name": "PublicIPAddress",
                "outbound_rules": [],
                "private_ip_address": "",
                "private_ip_address_allocation": "Dynamic",
                "private_ip_address_version": "",
                "public_ip_address_id": "/subscriptions/2611f6d1-5b7e-4c96-a399-7a221dcd1e52/resourceGroups/rg-alz-core-prod/providers/Microsoft.Network/publicIPAddresses/PublicIPForLB",
                "public_ip_prefix_id": "",
                "subnet_id": "",
                "zones": []
              }
            ],
            "id": "/subscriptions/2611f6d1-5b7e-4c96-a399-7a221dcd1e52/resourceGroups/rg-alz-core-prod/providers/Microsoft.Network/loadBalancers/TestLoadBalancer",
            "location": "eastus",
            "name": "TestLoadBalancer",
            "private_ip_address": "",
            "private_ip_addresses": [],
            "public_ip_address_id": null,
            "resource_group_name": "rg-alz-core-prod",
            "sku": "Standard",
            "sku_tier": "Regional",
            "subnet_id": null,
            "tags": {},
            "timeouts": null
          },
          "sensitive_attributes": [],
          "identity_schema_version": 0,
          "private": "eyJlMmJmYjczMC1lY2FhLTExZTYtOGY4OC0zNDM2M2JjN2M0YzAiOnsiY3JlYXRlIjoxODAwMDAwMDAwMDAwLCJkZWxldGUiOjE4MDAwMDAwMDAwMDAsInJlYWQiOjMwMDAwMDAwMDAwMCwidXBkYXRlIjoxODAwMDAwMDAwMDAwfX0=",
          "dependencies": [
            "module.LB_mode.data.azurerm_public_ip.public_ip_az",
            "module.pip_mod.azurerm_public_ip.Lb_lz",
            "module.rg_mod.azurerm_resource_group.infra_rg",
            "module.subent_mod.azurerm_subnet.subnet_alz",
            "module.vnet_mod.azurerm_virtual_network.vnet_alz"
          ]
        }
      ]
    },
    {
      "module": "module.LB_mode",
      "mode": "managed",
      "type": "azurerm_lb_backend_address_pool",
      "name": "backend_pool_lz",
      "provider": "provider[\"registry.terraform.io/hashicorp/azurerm\"]",
      "instances": [
        {
          "schema_version": 0,
          "attributes": {
            "backend_ip_configurations": [
              "/subscriptions/2611f6d1-5b7e-4c96-a399-7a221dcd1e52/resourceGroups/rg-alz-core-prod/providers/Microsoft.Compute/virtualMachineScaleSets/mytestscaleset-1/virtualMachines/0/networkInterfaces/terraformnetworkprofile/ipConfigurations/TestIPConfiguration",
              "/subscriptions/2611f6d1-5b7e-4c96-a399-7a221dcd1e52/resourceGroups/rg-alz-core-prod/providers/Microsoft.Compute/virtualMachineScaleSets/mytestscaleset-1/virtualMachines/3/networkInterfaces/terraformnetworkprofile/ipConfigurations/TestIPConfiguration"
            ],
            "id": "/subscriptions/2611f6d1-5b7e-4c96-a399-7a221dcd1e52/resourceGroups/rg-alz-core-prod/providers/Microsoft.Network/loadBalancers/TestLoadBalancer/backendAddressPools/first-vmss-pool",
            "inbound_nat_rules": [],
            "load_balancing_rules": [
              "/subscriptions/2611f6d1-5b7e-4c96-a399-7a221dcd1e52/resourceGroups/rg-alz-core-prod/providers/Microsoft.Network/loadBalancers/TestLoadBalancer/loadBalancingRules/http-rule"
            ],
            "loadbalancer_id": "/subscriptions/2611f6d1-5b7e-4c96-a399-7a221dcd1e52/resourceGroups/rg-alz-core-prod/providers/Microsoft.Network/loadBalancers/TestLoadBalancer",
            "name": "first-vmss-pool",
            "outbound_rules": [],
            "synchronous_mode": "",
            "timeouts": null,
            "tunnel_interface": [],
            "virtual_network_id": ""
          },
          "sensitive_attributes": [],
          "identity_schema_version": 0,
          "private": "eyJlMmJmYjczMC1lY2FhLTExZTYtOGY4OC0zNDM2M2JjN2M0YzAiOnsiY3JlYXRlIjoxODAwMDAwMDAwMDAwLCJkZWxldGUiOjE4MDAwMDAwMDAwMDAsInJlYWQiOjMwMDAwMDAwMDAwMCwidXBkYXRlIjoxODAwMDAwMDAwMDAwfX0=",
          "dependencies": [
            "module.LB_mode.azurerm_lb.lb_lz",
            "module.LB_mode.data.azurerm_public_ip.public_ip_az",
            "module.pip_mod.azurerm_public_ip.Lb_lz",
            "module.rg_mod.azurerm_resource_group.infra_rg",
            "module.subent_mod.azurerm_subnet.subnet_alz",
            "module.vnet_mod.azurerm_virtual_network.vnet_alz"
          ]
        }
      ]
    },
    {
      "module": "module.pip_mod",
      "mode": "managed",
      "type": "azurerm_public_ip",
      "name": "Lb_lz",
      "provider": "provider[\"registry.terraform.io/hashicorp/azurerm\"]",
      "instances": [
        {
          "schema_version": 0,
          "attributes": {
            "allocation_method": "Static",
            "ddos_protection_mode": "VirtualNetworkInherited",
            "ddos_protection_plan_id": null,
            "domain_name_label": null,
            "domain_name_label_scope": null,
            "edge_zone": "",
            "fqdn": null,
            "id": "/subscriptions/2611f6d1-5b7e-4c96-a399-7a221dcd1e52/resourceGroups/rg-alz-core-prod/providers/Microsoft.Network/publicIPAddresses/PublicIPForLB",
            "idle_timeout_in_minutes": 4,
            "ip_address": "20.42.17.80",
            "ip_tags": {},
            "ip_version": "IPv4",
            "location": "eastus",
            "name": "PublicIPForLB",
            "public_ip_prefix_id": null,
            "resource_group_name": "rg-alz-core-prod",
            "reverse_fqdn": null,
            "sku": "Standard",
            "sku_tier": "Regional",
            "tags": {},
            "timeouts": null,
            "zones": []
          },
          "sensitive_attributes": [],
          "identity_schema_version": 0,
          "private": "eyJlMmJmYjczMC1lY2FhLTExZTYtOGY4OC0zNDM2M2JjN2M0YzAiOnsiY3JlYXRlIjoxODAwMDAwMDAwMDAwLCJkZWxldGUiOjE4MDAwMDAwMDAwMDAsInJlYWQiOjMwMDAwMDAwMDAwMCwidXBkYXRlIjoxODAwMDAwMDAwMDAwfX0=",
          "dependencies": [
            "module.rg_mod.azurerm_resource_group.infra_rg"
          ]
        }
      ]
    },
    {
      "module": "module.rg_mod",
      "mode": "managed",
      "type": "azurerm_resource_group",
      "name": "infra_rg",
      "provider": "provider[\"registry.terraform.io/hashicorp/azurerm\"]",
      "instances": [
        {
          "index_key": "rg1",
          "schema_version": 0,
          "attributes": {
            "id": "/subscriptions/2611f6d1-5b7e-4c96-a399-7a221dcd1e52/resourceGroups/rg-alz-core-prod",
            "location": "eastus",
            "managed_by": "Hashi corp",
            "name": "rg-alz-core-prod",
            "tags": {},
            "timeouts": null
          },
          "sensitive_attributes": [],
          "identity_schema_version": 0,
          "identity": {
            "name": "rg-alz-core-prod",
            "subscription_id": "2611f6d1-5b7e-4c96-a399-7a221dcd1e52"
          },
          "private": "eyJlMmJmYjczMC1lY2FhLTExZTYtOGY4OC0zNDM2M2JjN2M0YzAiOnsiY3JlYXRlIjo1NDAwMDAwMDAwMDAwLCJkZWxldGUiOjU0MDAwMDAwMDAwMDAsInJlYWQiOjMwMDAwMDAwMDAwMCwidXBkYXRlIjo1NDAwMDAwMDAwMDAwfX0="
        }
      ]
    },
    {
      "module": "module.subent_mod",
      "mode": "managed",
      "type": "azurerm_subnet",
      "name": "subnet_alz",
      "provider": "provider[\"registry.terraform.io/hashicorp/azurerm\"]",
      "instances": [
        {
          "index_key": "subnet1",
          "schema_version": 0,
          "attributes": {
            "address_prefixes": [
              "10.0.1.0/24"
            ],
            "default_outbound_access_enabled": true,
            "delegation": [],
            "id": "/subscriptions/2611f6d1-5b7e-4c96-a399-7a221dcd1e52/resourceGroups/rg-alz-core-prod/providers/Microsoft.Network/virtualNetworks/vnet-alz-core-prod/subnets/subnet-alz-core-prod",
            "ip_address_pool": [],
            "name": "subnet-alz-core-prod",
            "private_endpoint_network_policies": "Disabled",
            "private_link_service_network_policies_enabled": true,
            "resource_group_name": "rg-alz-core-prod",
            "service_endpoint_policy_ids": [],
            "service_endpoints": [],
            "sharing_scope": "",
            "timeouts": null,
            "virtual_network_name": "vnet-alz-core-prod"
          },
          "sensitive_attributes": [],
          "identity_schema_version": 0,
          "identity": {
            "name": "subnet-alz-core-prod",
            "resource_group_name": "rg-alz-core-prod",
            "subscription_id": "2611f6d1-5b7e-4c96-a399-7a221dcd1e52",
            "virtual_network_name": "vnet-alz-core-prod"
          },
          "private": "eyJlMmJmYjczMC1lY2FhLTExZTYtOGY4OC0zNDM2M2JjN2M0YzAiOnsiY3JlYXRlIjoxODAwMDAwMDAwMDAwLCJkZWxldGUiOjE4MDAwMDAwMDAwMDAsInJlYWQiOjMwMDAwMDAwMDAwMCwidXBkYXRlIjoxODAwMDAwMDAwMDAwfX0=",
          "dependencies": [
            "module.rg_mod.azurerm_resource_group.infra_rg",
            "module.vnet_mod.azurerm_virtual_network.vnet_alz"
          ]
        }
      ]
    },
    {
      "module": "module.vnet_mod",
      "mode": "managed",
      "type": "azurerm_virtual_network",
      "name": "vnet_alz",
      "provider": "provider[\"registry.terraform.io/hashicorp/azurerm\"]",
      "instances": [
        {
          "index_key": "vnet1",
          "schema_version": 0,
          "attributes": {
            "address_space": [
              "10.0.0.0/16"
            ],
            "bgp_community": "",
            "ddos_protection_plan": [],
            "dns_servers": [],
            "edge_zone": "",
            "encryption": [],
            "flow_timeout_in_minutes": 0,
            "guid": "aa02a873-bcfc-47f5-ae6f-0e3ad712ca70",
            "id": "/subscriptions/2611f6d1-5b7e-4c96-a399-7a221dcd1e52/resourceGroups/rg-alz-core-prod/providers/Microsoft.Network/virtualNetworks/vnet-alz-core-prod",
            "ip_address_pool": [],
            "location": "eastus",
            "name": "vnet-alz-core-prod",
            "private_endpoint_vnet_policies": "Disabled",
            "resource_group_name": "rg-alz-core-prod",
            "subnet": [
              {
                "address_prefixes": [
                  "10.0.1.0/24"
                ],
                "default_outbound_access_enabled": true,
                "delegation": [],
                "id": "/subscriptions/2611f6d1-5b7e-4c96-a399-7a221dcd1e52/resourceGroups/rg-alz-core-prod/providers/Microsoft.Network/virtualNetworks/vnet-alz-core-prod/subnets/subnet-alz-core-prod",
                "name": "subnet-alz-core-prod",
                "private_endpoint_network_policies": "Disabled",
                "private_link_service_network_policies_enabled": true,
                "route_table_id": "",
                "security_group": "",
                "service_endpoint_policy_ids": [],
                "service_endpoints": []
              }
            ],
            "tags": {},
            "timeouts": null
          },
          "sensitive_attributes": [],
          "identity_schema_version": 0,
          "identity": {
            "name": "vnet-alz-core-prod",
            "resource_group_name": "rg-alz-core-prod",
            "subscription_id": "2611f6d1-5b7e-4c96-a399-7a221dcd1e52"
          },
          "private": "eyJlMmJmYjczMC1lY2FhLTExZTYtOGY4OC0zNDM2M2JjN2M0YzAiOnsiY3JlYXRlIjoxODAwMDAwMDAwMDAwLCJkZWxldGUiOjE4MDAwMDAwMDAwMDAsInJlYWQiOjMwMDAwMDAwMDAwMCwidXBkYXRlIjoxODAwMDAwMDAwMDAwfX0=",
          "dependencies": [
            "module.rg_mod.azurerm_resource_group.infra_rg"
          ]
        }
      ]
    }
  ],
  "check_results": null
}
