{
  "version": 4,
  "terraform_version": "1.13.5",
  "serial": 45,
  "lineage": "8ccaf4e3-c84d-fd00-01bb-2d681d4c87de",
  "outputs": {},
  "resources": [
    {
      "module": "module.LB_mode",
      "mode": "data",
      "type": "azurerm_public_ip",
      "name": "public_ip_az",
      "provider": "provider[\"registry.terraform.io/hashicorp/azurerm\"]",
      "instances": [
        {
          "schema_version": 0,
          "attributes": {
            "allocation_method": "Static",
            "ddos_protection_mode": "VirtualNetworkInherited",
            "ddos_protection_plan_id": null,
            "domain_name_label": "",
            "fqdn": "",
            "id": "/subscriptions/2611f6d1-5b7e-4c96-a399-7a221dcd1e52/resourceGroups/rg-alz-core-prod/providers/Microsoft.Network/publicIPAddresses/PublicIPForLB",
            "idle_timeout_in_minutes": 4,
            "ip_address": "20.51.141.38",
            "ip_tags": {},
            "ip_version": "IPv4",
            "location": "eastus",
            "name": "PublicIPForLB",
            "resource_group_name": "rg-alz-core-prod",
            "reverse_fqdn": "",
            "sku": "Standard",
            "tags": {},
            "timeouts": null,
            "zones": []
          },
          "sensitive_attributes": [],
          "identity_schema_version": 0
        }
      ]
    },
    {
      "module": "module.LB_mode",
      "mode": "managed",
      "type": "azurerm_lb",
      "name": "lb_lz",
      "provider": "provider[\"registry.terraform.io/hashicorp/azurerm\"]",
      "instances": [
        {
          "schema_version": 0,
          "attributes": {
            "edge_zone": "",
            "frontend_ip_configuration": [
              {
                "gateway_load_balancer_frontend_ip_configuration_id": "",
                "id": "/subscriptions/2611f6d1-5b7e-4c96-a399-7a221dcd1e52/resourceGroups/rg-alz-core-prod/providers/Microsoft.Network/loadBalancers/TestLoadBalancer/frontendIPConfigurations/PublicIPAddress",
                "inbound_nat_rules": [],
                "load_balancer_rules": [],
                "name": "PublicIPAddress",
                "outbound_rules": [],
                "private_ip_address": "",
                "private_ip_address_allocation": "Dynamic",
                "private_ip_address_version": "",
                "public_ip_address_id": "/subscriptions/2611f6d1-5b7e-4c96-a399-7a221dcd1e52/resourceGroups/rg-alz-core-prod/providers/Microsoft.Network/publicIPAddresses/PublicIPForLB",
                "public_ip_prefix_id": "",
                "subnet_id": "",
                "zones": null
              }
            ],
            "id": "/subscriptions/2611f6d1-5b7e-4c96-a399-7a221dcd1e52/resourceGroups/rg-alz-core-prod/providers/Microsoft.Network/loadBalancers/TestLoadBalancer",
            "location": "eastus",
            "name": "TestLoadBalancer",
            "private_ip_address": "",
            "private_ip_addresses": [],
            "public_ip_address_id": null,
            "resource_group_name": "rg-alz-core-prod",
            "sku": "Standard",
            "sku_tier": "Regional",
            "subnet_id": null,
            "tags": null,
            "timeouts": null
          },
          "sensitive_attributes": [],
          "identity_schema_version": 0,
          "private": "eyJlMmJmYjczMC1lY2FhLTExZTYtOGY4OC0zNDM2M2JjN2M0YzAiOnsiY3JlYXRlIjoxODAwMDAwMDAwMDAwLCJkZWxldGUiOjE4MDAwMDAwMDAwMDAsInJlYWQiOjMwMDAwMDAwMDAwMCwidXBkYXRlIjoxODAwMDAwMDAwMDAwfX0=",
          "dependencies": [
            "module.LB_mode.data.azurerm_public_ip.public_ip_az",
            "module.pip_mod.azurerm_public_ip.Lb_lz",
            "module.rg_mod.azurerm_resource_group.infra_rg",
            "module.subent_mod.azurerm_subnet.subnet_alz",
            "module.vnet_mod.azurerm_virtual_network.vnet_alz"
          ]
        }
      ]
    },
    {
      "module": "module.LB_mode",
      "mode": "managed",
      "type": "azurerm_lb_backend_address_pool",
      "name": "backend_pool_lz",
      "provider": "provider[\"registry.terraform.io/hashicorp/azurerm\"]",
      "instances": [
        {
          "schema_version": 0,
          "attributes": {
            "backend_ip_configurations": [],
            "id": "/subscriptions/2611f6d1-5b7e-4c96-a399-7a221dcd1e52/resourceGroups/rg-alz-core-prod/providers/Microsoft.Network/loadBalancers/TestLoadBalancer/backendAddressPools/first-vmss-pool",
            "inbound_nat_rules": [],
            "load_balancing_rules": [],
            "loadbalancer_id": "/subscriptions/2611f6d1-5b7e-4c96-a399-7a221dcd1e52/resourceGroups/rg-alz-core-prod/providers/Microsoft.Network/loadBalancers/TestLoadBalancer",
            "name": "first-vmss-pool",
            "outbound_rules": [],
            "synchronous_mode": "",
            "timeouts": null,
            "tunnel_interface": [],
            "virtual_network_id": ""
          },
          "sensitive_attributes": [],
          "identity_schema_version": 0,
          "private": "eyJlMmJmYjczMC1lY2FhLTExZTYtOGY4OC0zNDM2M2JjN2M0YzAiOnsiY3JlYXRlIjoxODAwMDAwMDAwMDAwLCJkZWxldGUiOjE4MDAwMDAwMDAwMDAsInJlYWQiOjMwMDAwMDAwMDAwMCwidXBkYXRlIjoxODAwMDAwMDAwMDAwfX0=",
          "dependencies": [
            "module.LB_mode.azurerm_lb.lb_lz",
            "module.LB_mode.data.azurerm_public_ip.public_ip_az",
            "module.pip_mod.azurerm_public_ip.Lb_lz",
            "module.rg_mod.azurerm_resource_group.infra_rg",
            "module.subent_mod.azurerm_subnet.subnet_alz",
            "module.vnet_mod.azurerm_virtual_network.vnet_alz"
          ]
        }
      ]
    },
    {
      "module": "module.LB_mode",
      "mode": "managed",
      "type": "azurerm_lb_probe",
      "name": "probe",
      "provider": "provider[\"registry.terraform.io/hashicorp/azurerm\"]",
      "instances": [
        {
          "schema_version": 0,
          "attributes": {
            "id": "/subscriptions/2611f6d1-5b7e-4c96-a399-7a221dcd1e52/resourceGroups/rg-alz-core-prod/providers/Microsoft.Network/loadBalancers/TestLoadBalancer/probes/http-probe",
            "interval_in_seconds": 15,
            "load_balancer_rules": [],
            "loadbalancer_id": "/subscriptions/2611f6d1-5b7e-4c96-a399-7a221dcd1e52/resourceGroups/rg-alz-core-prod/providers/Microsoft.Network/loadBalancers/TestLoadBalancer",
            "name": "http-probe",
            "number_of_probes": 2,
            "port": 80,
            "probe_threshold": 1,
            "protocol": "Tcp",
            "request_path": "",
            "timeouts": null
          },
          "sensitive_attributes": [],
          "identity_schema_version": 0,
          "private": "eyJlMmJmYjczMC1lY2FhLTExZTYtOGY4OC0zNDM2M2JjN2M0YzAiOnsiY3JlYXRlIjoxODAwMDAwMDAwMDAwLCJkZWxldGUiOjE4MDAwMDAwMDAwMDAsInJlYWQiOjMwMDAwMDAwMDAwMCwidXBkYXRlIjoxODAwMDAwMDAwMDAwfX0=",
          "dependencies": [
            "module.LB_mode.azurerm_lb.lb_lz",
            "module.LB_mode.data.azurerm_public_ip.public_ip_az",
            "module.pip_mod.azurerm_public_ip.Lb_lz",
            "module.rg_mod.azurerm_resource_group.infra_rg",
            "module.subent_mod.azurerm_subnet.subnet_alz",
            "module.vnet_mod.azurerm_virtual_network.vnet_alz"
          ]
        }
      ]
    },
    {
      "module": "module.LB_mode",
      "mode": "managed",
      "type": "azurerm_lb_rule",
      "name": "lb_rule",
      "provider": "provider[\"registry.terraform.io/hashicorp/azurerm\"]",
      "instances": [
        {
          "schema_version": 0,
          "attributes": {
            "backend_address_pool_ids": [
              "/subscriptions/2611f6d1-5b7e-4c96-a399-7a221dcd1e52/resourceGroups/rg-alz-core-prod/providers/Microsoft.Network/loadBalancers/TestLoadBalancer/backendAddressPools/first-vmss-pool"
            ],
            "backend_port": 80,
            "disable_outbound_snat": false,
            "enable_floating_ip": false,
            "enable_tcp_reset": false,
            "floating_ip_enabled": false,
            "frontend_ip_configuration_id": "/subscriptions/2611f6d1-5b7e-4c96-a399-7a221dcd1e52/resourceGroups/rg-alz-core-prod/providers/Microsoft.Network/loadBalancers/TestLoadBalancer/frontendIPConfigurations/PublicIPAddress",
            "frontend_ip_configuration_name": "PublicIPAddress",
            "frontend_port": 80,
            "id": "/subscriptions/2611f6d1-5b7e-4c96-a399-7a221dcd1e52/resourceGroups/rg-alz-core-prod/providers/Microsoft.Network/loadBalancers/TestLoadBalancer/loadBalancingRules/http-rule",
            "idle_timeout_in_minutes": 4,
            "load_distribution": "Default",
            "loadbalancer_id": "/subscriptions/2611f6d1-5b7e-4c96-a399-7a221dcd1e52/resourceGroups/rg-alz-core-prod/providers/Microsoft.Network/loadBalancers/TestLoadBalancer",
            "name": "http-rule",
            "probe_id": "/subscriptions/2611f6d1-5b7e-4c96-a399-7a221dcd1e52/resourceGroups/rg-alz-core-prod/providers/Microsoft.Network/loadBalancers/TestLoadBalancer/probes/http-probe",
            "protocol": "Tcp",
            "tcp_reset_enabled": false,
            "timeouts": null
          },
          "sensitive_attributes": [],
          "identity_schema_version": 0,
          "private": "eyJlMmJmYjczMC1lY2FhLTExZTYtOGY4OC0zNDM2M2JjN2M0YzAiOnsiY3JlYXRlIjoxODAwMDAwMDAwMDAwLCJkZWxldGUiOjE4MDAwMDAwMDAwMDAsInJlYWQiOjMwMDAwMDAwMDAwMCwidXBkYXRlIjoxODAwMDAwMDAwMDAwfX0=",
          "dependencies": [
            "module.LB_mode.azurerm_lb.lb_lz",
            "module.LB_mode.azurerm_lb_backend_address_pool.backend_pool_lz",
            "module.LB_mode.azurerm_lb_probe.probe",
            "module.LB_mode.data.azurerm_public_ip.public_ip_az",
            "module.pip_mod.azurerm_public_ip.Lb_lz",
            "module.rg_mod.azurerm_resource_group.infra_rg",
            "module.subent_mod.azurerm_subnet.subnet_alz",
            "module.vnet_mod.azurerm_virtual_network.vnet_alz"
          ]
        }
      ]
    },
    {
      "module": "module.pip_mod",
      "mode": "managed",
      "type": "azurerm_public_ip",
      "name": "Lb_lz",
      "provider": "provider[\"registry.terraform.io/hashicorp/azurerm\"]",
      "instances": [
        {
          "schema_version": 0,
          "attributes": {
            "allocation_method": "Static",
            "ddos_protection_mode": "VirtualNetworkInherited",
            "ddos_protection_plan_id": null,
            "domain_name_label": null,
            "domain_name_label_scope": null,
            "edge_zone": "",
            "fqdn": null,
            "id": "/subscriptions/2611f6d1-5b7e-4c96-a399-7a221dcd1e52/resourceGroups/rg-alz-core-prod/providers/Microsoft.Network/publicIPAddresses/PublicIPForLB",
            "idle_timeout_in_minutes": 4,
            "ip_address": "20.51.141.38",
            "ip_tags": null,
            "ip_version": "IPv4",
            "location": "eastus",
            "name": "PublicIPForLB",
            "public_ip_prefix_id": null,
            "resource_group_name": "rg-alz-core-prod",
            "reverse_fqdn": null,
            "sku": "Standard",
            "sku_tier": "Regional",
            "tags": null,
            "timeouts": null,
            "zones": null
          },
          "sensitive_attributes": [],
          "identity_schema_version": 0,
          "private": "eyJlMmJmYjczMC1lY2FhLTExZTYtOGY4OC0zNDM2M2JjN2M0YzAiOnsiY3JlYXRlIjoxODAwMDAwMDAwMDAwLCJkZWxldGUiOjE4MDAwMDAwMDAwMDAsInJlYWQiOjMwMDAwMDAwMDAwMCwidXBkYXRlIjoxODAwMDAwMDAwMDAwfX0=",
          "dependencies": [
            "module.rg_mod.azurerm_resource_group.infra_rg"
          ]
        }
      ]
    },
    {
      "module": "module.rg_mod",
      "mode": "managed",
      "type": "azurerm_resource_group",
      "name": "infra_rg",
      "provider": "provider[\"registry.terraform.io/hashicorp/azurerm\"]",
      "instances": [
        {
          "index_key": "rg1",
          "schema_version": 0,
          "attributes": {
            "id": "/subscriptions/2611f6d1-5b7e-4c96-a399-7a221dcd1e52/resourceGroups/rg-alz-core-prod",
            "location": "eastus",
            "managed_by": "Hashi corp",
            "name": "rg-alz-core-prod",
            "tags": null,
            "timeouts": null
          },
          "sensitive_attributes": [],
          "identity_schema_version": 0,
          "identity": {
            "name": "rg-alz-core-prod",
            "subscription_id": "2611f6d1-5b7e-4c96-a399-7a221dcd1e52"
          },
          "private": "eyJlMmJmYjczMC1lY2FhLTExZTYtOGY4OC0zNDM2M2JjN2M0YzAiOnsiY3JlYXRlIjo1NDAwMDAwMDAwMDAwLCJkZWxldGUiOjU0MDAwMDAwMDAwMDAsInJlYWQiOjMwMDAwMDAwMDAwMCwidXBkYXRlIjo1NDAwMDAwMDAwMDAwfX0="
        }
      ]
    },
    {
      "module": "module.subent_mod",
      "mode": "managed",
      "type": "azurerm_subnet",
      "name": "subnet_alz",
      "provider": "provider[\"registry.terraform.io/hashicorp/azurerm\"]",
      "instances": [
        {
          "index_key": "subnet1",
          "schema_version": 0,
          "attributes": {
            "address_prefixes": [
              "10.0.1.0/24"
            ],
            "default_outbound_access_enabled": true,
            "delegation": [],
            "id": "/subscriptions/2611f6d1-5b7e-4c96-a399-7a221dcd1e52/resourceGroups/rg-alz-core-prod/providers/Microsoft.Network/virtualNetworks/vnet-alz-core-prod/subnets/subnet-alz-core-prod",
            "ip_address_pool": [],
            "name": "subnet-alz-core-prod",
            "private_endpoint_network_policies": "Disabled",
            "private_link_service_network_policies_enabled": true,
            "resource_group_name": "rg-alz-core-prod",
            "service_endpoint_policy_ids": null,
            "service_endpoints": null,
            "sharing_scope": "",
            "timeouts": null,
            "virtual_network_name": "vnet-alz-core-prod"
          },
          "sensitive_attributes": [],
          "identity_schema_version": 0,
          "identity": {
            "name": "subnet-alz-core-prod",
            "resource_group_name": "rg-alz-core-prod",
            "subscription_id": "2611f6d1-5b7e-4c96-a399-7a221dcd1e52",
            "virtual_network_name": "vnet-alz-core-prod"
          },
          "private": "eyJlMmJmYjczMC1lY2FhLTExZTYtOGY4OC0zNDM2M2JjN2M0YzAiOnsiY3JlYXRlIjoxODAwMDAwMDAwMDAwLCJkZWxldGUiOjE4MDAwMDAwMDAwMDAsInJlYWQiOjMwMDAwMDAwMDAwMCwidXBkYXRlIjoxODAwMDAwMDAwMDAwfX0=",
          "dependencies": [
            "module.rg_mod.azurerm_resource_group.infra_rg",
            "module.vnet_mod.azurerm_virtual_network.vnet_alz"
          ]
        }
      ]
    },
    {
      "module": "module.vmss_infra",
      "mode": "data",
      "type": "azurerm_lb",
      "name": "data_lb",
      "provider": "provider[\"registry.terraform.io/hashicorp/azurerm\"]",
      "instances": [
        {
          "schema_version": 0,
          "attributes": {
            "frontend_ip_configuration": [
              {
                "id": "/subscriptions/2611f6d1-5b7e-4c96-a399-7a221dcd1e52/resourceGroups/rg-alz-core-prod/providers/Microsoft.Network/loadBalancers/TestLoadBalancer/frontendIPConfigurations/PublicIPAddress",
                "name": "PublicIPAddress",
                "private_ip_address": "",
                "private_ip_address_allocation": "Dynamic",
                "private_ip_address_version": "",
                "public_ip_address_id": "/subscriptions/2611f6d1-5b7e-4c96-a399-7a221dcd1e52/resourceGroups/rg-alz-core-prod/providers/Microsoft.Network/publicIPAddresses/PublicIPForLB",
                "subnet_id": "",
                "zones": []
              }
            ],
            "id": "/subscriptions/2611f6d1-5b7e-4c96-a399-7a221dcd1e52/resourceGroups/rg-alz-core-prod/providers/Microsoft.Network/loadBalancers/TestLoadBalancer",
            "location": "eastus",
            "name": "TestLoadBalancer",
            "private_ip_address": "",
            "private_ip_addresses": [],
            "resource_group_name": "rg-alz-core-prod",
            "sku": "Standard",
            "tags": {},
            "timeouts": null
          },
          "sensitive_attributes": [],
          "identity_schema_version": 0
        }
      ]
    },
    {
      "module": "module.vmss_infra",
      "mode": "data",
      "type": "azurerm_lb_backend_address_pool",
      "name": "data_backend_pool_lb",
      "provider": "provider[\"registry.terraform.io/hashicorp/azurerm\"]",
      "instances": [
        {
          "schema_version": 0,
          "attributes": {
            "backend_address": [],
            "backend_ip_configurations": [],
            "id": "/subscriptions/2611f6d1-5b7e-4c96-a399-7a221dcd1e52/resourceGroups/rg-alz-core-prod/providers/Microsoft.Network/loadBalancers/TestLoadBalancer/backendAddressPools/first-vmss-pool",
            "inbound_nat_rules": [],
            "load_balancing_rules": [
              "/subscriptions/2611f6d1-5b7e-4c96-a399-7a221dcd1e52/resourceGroups/rg-alz-core-prod/providers/Microsoft.Network/loadBalancers/TestLoadBalancer/loadBalancingRules/http-rule"
            ],
            "loadbalancer_id": "/subscriptions/2611f6d1-5b7e-4c96-a399-7a221dcd1e52/resourceGroups/rg-alz-core-prod/providers/Microsoft.Network/loadBalancers/TestLoadBalancer",
            "name": "first-vmss-pool",
            "outbound_rules": [],
            "timeouts": null
          },
          "sensitive_attributes": [],
          "identity_schema_version": 0
        }
      ]
    },
    {
      "module": "module.vmss_infra",
      "mode": "data",
      "type": "azurerm_subnet",
      "name": "subnet_lz",
      "provider": "provider[\"registry.terraform.io/hashicorp/azurerm\"]",
      "instances": [
        {
          "schema_version": 0,
          "attributes": {
            "address_prefix": "10.0.1.0/24",
            "address_prefixes": [
              "10.0.1.0/24"
            ],
            "default_outbound_access_enabled": true,
            "id": "/subscriptions/2611f6d1-5b7e-4c96-a399-7a221dcd1e52/resourceGroups/rg-alz-core-prod/providers/Microsoft.Network/virtualNetworks/vnet-alz-core-prod/subnets/subnet-alz-core-prod",
            "name": "subnet-alz-core-prod",
            "network_security_group_id": "",
            "private_endpoint_network_policies": "Disabled",
            "private_link_service_network_policies_enabled": true,
            "resource_group_name": "rg-alz-core-prod",
            "route_table_id": "",
            "service_endpoints": [],
            "timeouts": null,
            "virtual_network_name": "vnet-alz-core-prod"
          },
          "sensitive_attributes": [],
          "identity_schema_version": 0
        }
      ]
    },
    {
      "module": "module.vmss_infra",
      "mode": "managed",
      "type": "azurerm_virtual_machine_scale_set",
      "name": "infra_vmss",
      "provider": "provider[\"registry.terraform.io/hashicorp/azurerm\"]",
      "instances": [
        {
          "schema_version": 1,
          "attributes": {
            "automatic_os_upgrade": false,
            "boot_diagnostics": [],
            "eviction_policy": "",
            "extension": [],
            "health_probe_id": null,
            "id": "/subscriptions/2611f6d1-5b7e-4c96-a399-7a221dcd1e52/resourceGroups/rg-alz-core-prod/providers/Microsoft.Compute/virtualMachineScaleSets/mytestscaleset-1",
            "identity": [],
            "license_type": "",
            "location": "eastus",
            "name": "mytestscaleset-1",
            "network_profile": [
              {
                "accelerated_networking": false,
                "dns_settings": [
                  {
                    "dns_servers": []
                  }
                ],
                "ip_configuration": [
                  {
                    "application_gateway_backend_address_pool_ids": [],
                    "application_security_group_ids": [],
                    "load_balancer_backend_address_pool_ids": [
                      "/subscriptions/2611f6d1-5b7e-4c96-a399-7a221dcd1e52/resourceGroups/rg-alz-core-prod/providers/Microsoft.Network/loadBalancers/TestLoadBalancer/backendAddressPools/first-vmss-pool"
                    ],
                    "load_balancer_inbound_nat_rules_ids": [],
                    "name": "TestIPConfiguration",
                    "primary": true,
                    "public_ip_address_configuration": [],
                    "subnet_id": "/subscriptions/2611f6d1-5b7e-4c96-a399-7a221dcd1e52/resourceGroups/rg-alz-core-prod/providers/Microsoft.Network/virtualNetworks/vnet-alz-core-prod/subnets/subnet-alz-core-prod"
                  }
                ],
                "ip_forwarding": false,
                "name": "terraformnetworkprofile",
                "network_security_group_id": "",
                "primary": true
              }
            ],
            "os_profile": [
              {
                "admin_password": "Mcqueen@9898!",
                "admin_username": "myadmin",
                "computer_name_prefix": "testvm",
                "custom_data": ""
              }
            ],
            "os_profile_linux_config": [
              {
                "disable_password_authentication": false,
                "ssh_keys": []
              }
            ],
            "os_profile_secrets": [],
            "os_profile_windows_config": [],
            "overprovision": true,
            "plan": [],
            "priority": "",
            "proximity_placement_group_id": null,
            "resource_group_name": "rg-alz-core-prod",
            "rolling_upgrade_policy": [],
            "single_placement_group": true,
            "sku": [
              {
                "capacity": 2,
                "name": "Standard_F2",
                "tier": "Standard"
              }
            ],
            "storage_profile_data_disk": [
              {
                "caching": "ReadWrite",
                "create_option": "Empty",
                "disk_size_gb": 10,
                "lun": 0,
                "managed_disk_type": "Standard_LRS"
              }
            ],
            "storage_profile_image_reference": [
              {
                "id": "",
                "offer": "0001-com-ubuntu-server-jammy",
                "publisher": "Canonical",
                "sku": "22_04-lts",
                "version": "latest"
              }
            ],
            "storage_profile_os_disk": [
              {
                "caching": "ReadWrite",
                "create_option": "FromImage",
                "image": "",
                "managed_disk_type": "Standard_LRS",
                "name": "",
                "os_type": "",
                "vhd_containers": []
              }
            ],
            "tags": null,
            "timeouts": null,
            "upgrade_policy_mode": "Manual",
            "zones": null
          },
          "sensitive_attributes": [
            [
              {
                "type": "get_attr",
                "value": "os_profile"
              },
              {
                "type": "index",
                "value": {
                  "value": 0,
                  "type": "number"
                }
              },
              {
                "type": "get_attr",
                "value": "admin_password"
              }
            ]
          ],
          "identity_schema_version": 0,
          "private": "eyJlMmJmYjczMC1lY2FhLTExZTYtOGY4OC0zNDM2M2JjN2M0YzAiOnsiY3JlYXRlIjozNjAwMDAwMDAwMDAwLCJkZWxldGUiOjM2MDAwMDAwMDAwMDAsInJlYWQiOjMwMDAwMDAwMDAwMCwidXBkYXRlIjozNjAwMDAwMDAwMDAwfSwic2NoZW1hX3ZlcnNpb24iOiIxIn0=",
          "dependencies": [
            "module.LB_mode.azurerm_lb.lb_lz",
            "module.LB_mode.azurerm_lb_backend_address_pool.backend_pool_lz",
            "module.LB_mode.azurerm_lb_probe.probe",
            "module.LB_mode.azurerm_lb_rule.lb_rule",
            "module.LB_mode.data.azurerm_public_ip.public_ip_az",
            "module.pip_mod.azurerm_public_ip.Lb_lz",
            "module.rg_mod.azurerm_resource_group.infra_rg",
            "module.subent_mod.azurerm_subnet.subnet_alz",
            "module.vmss_infra.data.azurerm_lb.data_lb",
            "module.vmss_infra.data.azurerm_lb_backend_address_pool.data_backend_pool_lb",
            "module.vmss_infra.data.azurerm_subnet.subnet_lz",
            "module.vnet_mod.azurerm_virtual_network.vnet_alz"
          ]
        }
      ]
    },
    {
      "module": "module.vnet_mod",
      "mode": "managed",
      "type": "azurerm_virtual_network",
      "name": "vnet_alz",
      "provider": "provider[\"registry.terraform.io/hashicorp/azurerm\"]",
      "instances": [
        {
          "index_key": "vnet1",
          "schema_version": 0,
          "attributes": {
            "address_space": [
              "10.0.0.0/16"
            ],
            "bgp_community": "",
            "ddos_protection_plan": [],
            "dns_servers": [],
            "edge_zone": "",
            "encryption": [],
            "flow_timeout_in_minutes": 0,
            "guid": "ea8f3c9a-c1d7-4003-a5e2-a4b37ff1c30e",
            "id": "/subscriptions/2611f6d1-5b7e-4c96-a399-7a221dcd1e52/resourceGroups/rg-alz-core-prod/providers/Microsoft.Network/virtualNetworks/vnet-alz-core-prod",
            "ip_address_pool": [],
            "location": "eastus",
            "name": "vnet-alz-core-prod",
            "private_endpoint_vnet_policies": "Disabled",
            "resource_group_name": "rg-alz-core-prod",
            "subnet": [],
            "tags": null,
            "timeouts": null
          },
          "sensitive_attributes": [],
          "identity_schema_version": 0,
          "identity": {
            "name": "vnet-alz-core-prod",
            "resource_group_name": "rg-alz-core-prod",
            "subscription_id": "2611f6d1-5b7e-4c96-a399-7a221dcd1e52"
          },
          "private": "eyJlMmJmYjczMC1lY2FhLTExZTYtOGY4OC0zNDM2M2JjN2M0YzAiOnsiY3JlYXRlIjoxODAwMDAwMDAwMDAwLCJkZWxldGUiOjE4MDAwMDAwMDAwMDAsInJlYWQiOjMwMDAwMDAwMDAwMCwidXBkYXRlIjoxODAwMDAwMDAwMDAwfX0=",
          "dependencies": [
            "module.rg_mod.azurerm_resource_group.infra_rg"
          ]
        }
      ]
    }
  ],
  "check_results": null
}
